gocv.io/x/gocv v0.9.0 h1:LUFhbRZpShdpZIVrRGh5kgZzDHr8ojpT5qD/j6BiDfw=
gocv.io/x/gocv v0.9.0/go.mod h1:3qacsKAMRS0sZmeLySWcbFeVEU3t86igWaQleAgiuBg=
gocv.io/x/gocv v0.9.1-0.20180802150209-3f4d73bc6a6e h1:JPVK0k2IH29yzvQZ+14iREMjwVtVAmuNhCs0TTTig/A=
gocv.io/x/gocv v0.9.1-0.20180802150209-3f4d73bc6a6e/go.mod h1:3qacsKAMRS0sZmeLySWcbFeVEU3t86igWaQleAgiuBg=
